
Microsoft Visual Studio Solution File, Format Version 12.00
# Visual Studio Version 17
VisualStudioVersion = 17.11.35303.130
MinimumVisualStudioVersion = 10.0.40219.1
Project("{FAE04EC0-301F-11D3-BF4B-00C04F79EFBC}") = "HexCalculator", "HexCalculator.csproj", "{A497567D-9490-4B57-82C1-8EED86C61EC3}"
EndProject
Global
	GlobalSection(SolutionConfigurationPlatforms) = preSolution
		Debug|Any CPU = Debug|Any CPU
		Release|Any CPU = Release|Any CPU
	EndGlobalSection
	GlobalSection(ProjectConfigurationPlatforms) = postSolution
		{A497567D-9490-4B57-82C1-8EED86C61EC3}.Debug|Any CPU.ActiveCfg = Debug|Any CPU
		{A497567D-9490-4B57-82C1-8EED86C61EC3}.Debug|Any CPU.Build.0 = Debug|Any CPU
		{A497567D-9490-4B57-82C1-8EED86C61EC3}.Release|Any CPU.ActiveCfg = Release|Any CPU
		{A497567D-9490-4B57-82C1-8EED86C61EC3}.Release|Any CPU.Build.0 = Release|Any CPU
	EndGlobalSection
	GlobalSection(SolutionProperties) = preSolution
		HideSolutionNode = FALSE
	EndGlobalSection
	GlobalSection(ExtensibilityGlobals) = postSolution
		SolutionGuid = {82AFF381-BDF8-4548-A73F-E2AD8D368D6E}
	EndGlobalSection
EndGlobal
